{
    "_readme": [
        "This file locks the dependencies of your project to a known state",
        "Read more about it at https://getcomposer.org/doc/01-basic-usage.md#composer-lock-the-lock-file",
        "This file is @generated automatically"
    ],
    "hash": "3cb06ce07b48d7d3d64c30c81b60b7cc",
    "content-hash": "580ccf73c7e51140247559b9db670d3d",
    "packages": [
        {
            "name": "antonkalmykov/http-exchange",
            "version": "v1.0.4",
            "source": {
                "type": "git",
                "url": "https://github.com/kalmykovanton/HttpExchange.git",
                "reference": "5ae376561aaa2b305287333930afb33600d2e028"
            },
            "dist": {
                "type": "zip",
                "url": "https://api.github.com/repos/kalmykovanton/HttpExchange/zipball/5ae376561aaa2b305287333930afb33600d2e028",
                "reference": "5ae376561aaa2b305287333930afb33600d2e028",
                "shasum": ""
            },
            "require": {
                "php": ">=5.5.9",
                "psr/http-message": "1.0.*"
            },
            "type": "library",
            "autoload": {
                "psr-4": {
                    "HttpExchange\\": ""
                }
            },
            "notification-url": "https://packagist.org/downloads/",
            "license": [
                "MIT"
            ],
            "authors": [
                {
                    "name": "Anton Kalmykov",
                    "email": "a.kalmykov@outlook.com"
                }
            ],
            "description": "Request/Response component based on 'PSR-7: HTTP message interfaces' for ItCourses Framework",
            "homepage": "https://github.com/kalmykovanton/HttpExchange",
            "time": "2016-02-04 16:36:26"
        },
        {
            "name": "kostomakha/smart-routing",
            "version": "dev-master",
            "source": {
                "type": "git",
                "url": "https://github.com/kostomakha/smart-routing.git",
                "reference": "e9b0c6f6ce0e307a34d84d10f1bbb0b6ff932a32"
            },
            "dist": {
                "type": "zip",
                "url": "https://api.github.com/repos/kostomakha/smart-routing/zipball/e9b0c6f6ce0e307a34d84d10f1bbb0b6ff932a32",
                "reference": "e9b0c6f6ce0e307a34d84d10f1bbb0b6ff932a32",
                "shasum": ""
            },
            "require": {
                "php": ">=5.5"
            },
            "type": "library",
            "autoload": {
                "psr-4": {
                    "SmartRouting\\": "src/"
                }
            },
            "notification-url": "https://packagist.org/downloads/",
            "license": [
                "MIT"
            ],
            "authors": [
                {
                    "name": "Kostyantyn Kedrya",
                    "email": "kedryakv@gmail.com"
                }
            ],
            "description": "easy and cool routing",
            "time": "2016-02-04 16:35:54"
        },
        {
            "name": "psr/http-message",
            "version": "dev-master",
            "source": {
                "type": "git",
                "url": "https://github.com/php-fig/http-message.git",
                "reference": "85d63699f0dbedb190bbd4b0d2b9dc707ea4c298"
            },
            "dist": {
                "type": "zip",
                "url": "https://api.github.com/repos/php-fig/http-message/zipball/85d63699f0dbedb190bbd4b0d2b9dc707ea4c298",
                "reference": "85d63699f0dbedb190bbd4b0d2b9dc707ea4c298",
                "shasum": ""
            },
            "require": {
                "php": ">=5.3.0"
            },
            "type": "library",
            "extra": {
                "branch-alias": {
                    "dev-master": "1.0.x-dev"
                }
            },
            "autoload": {
                "psr-4": {
                    "Psr\\Http\\Message\\": "src/"
                }
            },
            "notification-url": "https://packagist.org/downloads/",
            "license": [
                "MIT"
            ],
            "authors": [
                {
                    "name": "PHP-FIG",
                    "homepage": "http://www.php-fig.org/"
                }
            ],
            "description": "Common interface for HTTP messages",
            "keywords": [
                "http",
                "http-message",
                "psr",
                "psr-7",
                "request",
                "response"
            ],
            "time": "2015-05-04 20:22:00"
        }
    ],
    "packages-dev": [],
    "aliases": [],
    "minimum-stability": "dev",
    "stability-flags": {
        "kostomakha/smart-routing": 20
    },
    "prefer-stable": false,
    "prefer-lowest": false,
    "platform": [],
    "platform-dev": []
}
